
Microsoft Visual Studio Solution File, Format Version 12.00
# Visual Studio Version 17
VisualStudioVersion = 17.1.31911.260
MinimumVisualStudioVersion = 10.0.40219.1
Project("{9A19103F-16F7-4668-BE54-9A1E7A4F7556}") = "XProxy.BuildListing", "XProxy.BuildListing\XProxy.BuildListing.csproj", "{9E9AC74C-4756-414B-813F-8C931332739D}"
EndProject
Project("{9A19103F-16F7-4668-BE54-9A1E7A4F7556}") = "XProxy.Core", "XProxy.Core\XProxy.Core.csproj", "{08F0C5AA-958D-428E-8BF7-5607A0398A8A}"
EndProject
Project("{9A19103F-16F7-4668-BE54-9A1E7A4F7556}") = "XProxy", "XProxy\XProxy.csproj", "{EEFD8D4C-9EC9-4A20-BDCC-0B2178CA1E7C}"
EndProject
Project("{FAE04EC0-301F-11D3-BF4B-00C04F79EFBC}") = "XProxy.BuildRelease", "XProxy.BuildRelease\XProxy.BuildRelease.csproj", "{CC865614-D961-4CD6-A51D-E4751A15EED0}"
EndProject
Global
	GlobalSection(SolutionConfigurationPlatforms) = preSolution
		Debug|Any CPU = Debug|Any CPU
		Debug|x64 = Debug|x64
		Release|Any CPU = Release|Any CPU
		Release|x64 = Release|x64
	EndGlobalSection
	GlobalSection(ProjectConfigurationPlatforms) = postSolution
		{9E9AC74C-4756-414B-813F-8C931332739D}.Debug|Any CPU.ActiveCfg = Debug|Any CPU
		{9E9AC74C-4756-414B-813F-8C931332739D}.Debug|Any CPU.Build.0 = Debug|Any CPU
		{9E9AC74C-4756-414B-813F-8C931332739D}.Debug|x64.ActiveCfg = Debug|Any CPU
		{9E9AC74C-4756-414B-813F-8C931332739D}.Debug|x64.Build.0 = Debug|Any CPU
		{9E9AC74C-4756-414B-813F-8C931332739D}.Release|Any CPU.ActiveCfg = Release|Any CPU
		{9E9AC74C-4756-414B-813F-8C931332739D}.Release|Any CPU.Build.0 = Release|Any CPU
		{9E9AC74C-4756-414B-813F-8C931332739D}.Release|x64.ActiveCfg = Release|Any CPU
		{9E9AC74C-4756-414B-813F-8C931332739D}.Release|x64.Build.0 = Release|Any CPU
		{08F0C5AA-958D-428E-8BF7-5607A0398A8A}.Debug|Any CPU.ActiveCfg = Debug|Any CPU
		{08F0C5AA-958D-428E-8BF7-5607A0398A8A}.Debug|Any CPU.Build.0 = Debug|Any CPU
		{08F0C5AA-958D-428E-8BF7-5607A0398A8A}.Debug|x64.ActiveCfg = Debug|x64
		{08F0C5AA-958D-428E-8BF7-5607A0398A8A}.Debug|x64.Build.0 = Debug|x64
		{08F0C5AA-958D-428E-8BF7-5607A0398A8A}.Release|Any CPU.ActiveCfg = Release|Any CPU
		{08F0C5AA-958D-428E-8BF7-5607A0398A8A}.Release|Any CPU.Build.0 = Release|Any CPU
		{08F0C5AA-958D-428E-8BF7-5607A0398A8A}.Release|x64.ActiveCfg = Release|x64
		{08F0C5AA-958D-428E-8BF7-5607A0398A8A}.Release|x64.Build.0 = Release|x64
		{EEFD8D4C-9EC9-4A20-BDCC-0B2178CA1E7C}.Debug|Any CPU.ActiveCfg = Debug|Any CPU
		{EEFD8D4C-9EC9-4A20-BDCC-0B2178CA1E7C}.Debug|Any CPU.Build.0 = Debug|Any CPU
		{EEFD8D4C-9EC9-4A20-BDCC-0B2178CA1E7C}.Debug|x64.ActiveCfg = Debug|Any CPU
		{EEFD8D4C-9EC9-4A20-BDCC-0B2178CA1E7C}.Debug|x64.Build.0 = Debug|Any CPU
		{EEFD8D4C-9EC9-4A20-BDCC-0B2178CA1E7C}.Release|Any CPU.ActiveCfg = Release|Any CPU
		{EEFD8D4C-9EC9-4A20-BDCC-0B2178CA1E7C}.Release|Any CPU.Build.0 = Release|Any CPU
		{EEFD8D4C-9EC9-4A20-BDCC-0B2178CA1E7C}.Release|x64.ActiveCfg = Release|Any CPU
		{EEFD8D4C-9EC9-4A20-BDCC-0B2178CA1E7C}.Release|x64.Build.0 = Release|Any CPU
		{CC865614-D961-4CD6-A51D-E4751A15EED0}.Debug|Any CPU.ActiveCfg = Debug|Any CPU
		{CC865614-D961-4CD6-A51D-E4751A15EED0}.Debug|Any CPU.Build.0 = Debug|Any CPU
		{CC865614-D961-4CD6-A51D-E4751A15EED0}.Debug|x64.ActiveCfg = Debug|Any CPU
		{CC865614-D961-4CD6-A51D-E4751A15EED0}.Debug|x64.Build.0 = Debug|Any CPU
		{CC865614-D961-4CD6-A51D-E4751A15EED0}.Release|Any CPU.ActiveCfg = Release|Any CPU
		{CC865614-D961-4CD6-A51D-E4751A15EED0}.Release|Any CPU.Build.0 = Release|Any CPU
		{CC865614-D961-4CD6-A51D-E4751A15EED0}.Release|x64.ActiveCfg = Release|Any CPU
		{CC865614-D961-4CD6-A51D-E4751A15EED0}.Release|x64.Build.0 = Release|Any CPU
	EndGlobalSection
	GlobalSection(SolutionProperties) = preSolution
		HideSolutionNode = FALSE
	EndGlobalSection
	GlobalSection(ExtensibilityGlobals) = postSolution
		SolutionGuid = {A5C3C721-064E-4FD4-9D91-2BCE704BF8DD}
	EndGlobalSection
EndGlobal
