
Microsoft Visual Studio Solution File, Format Version 12.00
# Visual Studio Version 17
VisualStudioVersion = 17.12.35521.163
MinimumVisualStudioVersion = 10.0.40219.1
Project("{FAE04EC0-301F-11D3-BF4B-00C04F79EFBC}") = "XProxy", "XProxy\XProxy.csproj", "{20159985-4889-4913-9491-F9FC38C1E7BC}"
EndProject
Project("{2150E333-8FDC-42A3-9474-1A3956D46DE8}") = "Plugins", "Plugins", "{02EA681E-C7D8-13C7-8484-4AC65E1B71E8}"
EndProject
Project("{FAE04EC0-301F-11D3-BF4B-00C04F79EFBC}") = "Portals", "Plugins\Portals\Portals.csproj", "{405D621C-64CD-4FCC-A029-516A99E6E10C}"
EndProject
Project("{FAE04EC0-301F-11D3-BF4B-00C04F79EFBC}") = "Lobby", "Plugins\Lobby\Lobby.csproj", "{B4CB7D45-1E76-41BB-AF3F-7006EE62852F}"
EndProject
Global
	GlobalSection(SolutionConfigurationPlatforms) = preSolution
		Debug|Any CPU = Debug|Any CPU
		Release|Any CPU = Release|Any CPU
	EndGlobalSection
	GlobalSection(ProjectConfigurationPlatforms) = postSolution
		{20159985-4889-4913-9491-F9FC38C1E7BC}.Debug|Any CPU.ActiveCfg = Debug|Any CPU
		{20159985-4889-4913-9491-F9FC38C1E7BC}.Debug|Any CPU.Build.0 = Debug|Any CPU
		{20159985-4889-4913-9491-F9FC38C1E7BC}.Release|Any CPU.ActiveCfg = Release|Any CPU
		{20159985-4889-4913-9491-F9FC38C1E7BC}.Release|Any CPU.Build.0 = Release|Any CPU
		{405D621C-64CD-4FCC-A029-516A99E6E10C}.Debug|Any CPU.ActiveCfg = Debug|Any CPU
		{405D621C-64CD-4FCC-A029-516A99E6E10C}.Debug|Any CPU.Build.0 = Debug|Any CPU
		{405D621C-64CD-4FCC-A029-516A99E6E10C}.Release|Any CPU.ActiveCfg = Release|Any CPU
		{405D621C-64CD-4FCC-A029-516A99E6E10C}.Release|Any CPU.Build.0 = Release|Any CPU
		{B4CB7D45-1E76-41BB-AF3F-7006EE62852F}.Debug|Any CPU.ActiveCfg = Debug|Any CPU
		{B4CB7D45-1E76-41BB-AF3F-7006EE62852F}.Debug|Any CPU.Build.0 = Debug|Any CPU
		{B4CB7D45-1E76-41BB-AF3F-7006EE62852F}.Release|Any CPU.ActiveCfg = Release|Any CPU
		{B4CB7D45-1E76-41BB-AF3F-7006EE62852F}.Release|Any CPU.Build.0 = Release|Any CPU
	EndGlobalSection
	GlobalSection(SolutionProperties) = preSolution
		HideSolutionNode = FALSE
	EndGlobalSection
	GlobalSection(NestedProjects) = preSolution
		{405D621C-64CD-4FCC-A029-516A99E6E10C} = {02EA681E-C7D8-13C7-8484-4AC65E1B71E8}
		{B4CB7D45-1E76-41BB-AF3F-7006EE62852F} = {02EA681E-C7D8-13C7-8484-4AC65E1B71E8}
	EndGlobalSection
	GlobalSection(ExtensibilityGlobals) = postSolution
		SolutionGuid = {4B86190E-9E4C-433F-BFF4-EBB718E0886F}
	EndGlobalSection
EndGlobal
